{
  "name": "@drico2008/fincli",
  "version": "2.0.0",
  "lockfileVersion": 3,
  "requires": true,
  "packages": {
    "": {
      "name": "@drico2008/fincli",
      "version": "2.0.0",
      "license": "MIT",
      "bin": {
        "fincli": "npm/bin/fincli.js"
      },
      "engines": {
        "node": ">=18"
      }
    }
  }
}
